
Microsoft Visual Studio Solution File, Format Version 12.00
# Visual Studio Version 16
VisualStudioVersion = 16.0.29905.134
MinimumVisualStudioVersion = 10.0.40219.1
Project("{9A19103F-16F7-4668-BE54-9A1E7A4F7556}") = "CodingCompetition.Web", "CodingCompetition.Web\CodingCompetition.Web.csproj", "{29F071B4-5E67-4218-B114-EBA75F35F6FF}"
EndProject
Project("{9A19103F-16F7-4668-BE54-9A1E7A4F7556}") = "CodingCompetition.Compiler", "CodingCompetition.Compiler\CodingCompetition.Compiler.csproj", "{BBFC3C1D-8F4E-4BB5-98F4-6138578DB8CA}"
EndProject
Project("{9A19103F-16F7-4668-BE54-9A1E7A4F7556}") = "CodingCompetition.Logging", "CodingCompetition.Logging\CodingCompetition.Logging.csproj", "{7282B5EA-F533-4164-818B-A8A38F103F46}"
EndProject
Project("{FAE04EC0-301F-11D3-BF4B-00C04F79EFBC}") = "CodingCompetition.Repository", "CodingCompetition.Repository\CodingCompetition.Repository.csproj", "{6CEC5142-5397-4366-9D88-D54E12B54047}"
EndProject
Project("{9A19103F-16F7-4668-BE54-9A1E7A4F7556}") = "CodingCompetition.Application", "CodingCompetition.Services\CodingCompetition.Application.csproj", "{B64318CE-2C3E-4E98-89A0-956464BC3AC6}"
EndProject
Global
	GlobalSection(SolutionConfigurationPlatforms) = preSolution
		Debug|Any CPU = Debug|Any CPU
		Release|Any CPU = Release|Any CPU
	EndGlobalSection
	GlobalSection(ProjectConfigurationPlatforms) = postSolution
		{29F071B4-5E67-4218-B114-EBA75F35F6FF}.Debug|Any CPU.ActiveCfg = Debug|Any CPU
		{29F071B4-5E67-4218-B114-EBA75F35F6FF}.Debug|Any CPU.Build.0 = Debug|Any CPU
		{29F071B4-5E67-4218-B114-EBA75F35F6FF}.Release|Any CPU.ActiveCfg = Release|Any CPU
		{29F071B4-5E67-4218-B114-EBA75F35F6FF}.Release|Any CPU.Build.0 = Release|Any CPU
		{BBFC3C1D-8F4E-4BB5-98F4-6138578DB8CA}.Debug|Any CPU.ActiveCfg = Debug|Any CPU
		{BBFC3C1D-8F4E-4BB5-98F4-6138578DB8CA}.Debug|Any CPU.Build.0 = Debug|Any CPU
		{BBFC3C1D-8F4E-4BB5-98F4-6138578DB8CA}.Release|Any CPU.ActiveCfg = Release|Any CPU
		{BBFC3C1D-8F4E-4BB5-98F4-6138578DB8CA}.Release|Any CPU.Build.0 = Release|Any CPU
		{7282B5EA-F533-4164-818B-A8A38F103F46}.Debug|Any CPU.ActiveCfg = Debug|Any CPU
		{7282B5EA-F533-4164-818B-A8A38F103F46}.Debug|Any CPU.Build.0 = Debug|Any CPU
		{7282B5EA-F533-4164-818B-A8A38F103F46}.Release|Any CPU.ActiveCfg = Release|Any CPU
		{7282B5EA-F533-4164-818B-A8A38F103F46}.Release|Any CPU.Build.0 = Release|Any CPU
		{6CEC5142-5397-4366-9D88-D54E12B54047}.Debug|Any CPU.ActiveCfg = Debug|Any CPU
		{6CEC5142-5397-4366-9D88-D54E12B54047}.Debug|Any CPU.Build.0 = Debug|Any CPU
		{6CEC5142-5397-4366-9D88-D54E12B54047}.Release|Any CPU.ActiveCfg = Release|Any CPU
		{6CEC5142-5397-4366-9D88-D54E12B54047}.Release|Any CPU.Build.0 = Release|Any CPU
		{B64318CE-2C3E-4E98-89A0-956464BC3AC6}.Debug|Any CPU.ActiveCfg = Debug|Any CPU
		{B64318CE-2C3E-4E98-89A0-956464BC3AC6}.Debug|Any CPU.Build.0 = Debug|Any CPU
		{B64318CE-2C3E-4E98-89A0-956464BC3AC6}.Release|Any CPU.ActiveCfg = Release|Any CPU
		{B64318CE-2C3E-4E98-89A0-956464BC3AC6}.Release|Any CPU.Build.0 = Release|Any CPU
	EndGlobalSection
	GlobalSection(SolutionProperties) = preSolution
		HideSolutionNode = FALSE
	EndGlobalSection
	GlobalSection(ExtensibilityGlobals) = postSolution
		SolutionGuid = {A7DBCF5E-8182-4DF7-824A-15567C78F4C5}
	EndGlobalSection
EndGlobal
